
Microsoft Visual Studio Solution File, Format Version 12.00
# Visual Studio Version 16
VisualStudioVersion = 16.0.29609.76
MinimumVisualStudioVersion = 10.0.40219.1
Project("{FAE04EC0-301F-11D3-BF4B-00C04F79EFBC}") = "WindowsFormsApp1", "WindowsFormsApp1\WindowsFormsApp1.csproj", "{F5F4850A-2E6A-4AC4-8673-9C0877AAD72B}"
EndProject
Global
	GlobalSection(SolutionConfigurationPlatforms) = preSolution
		Debug|Any CPU = Debug|Any CPU
		Release|Any CPU = Release|Any CPU
	EndGlobalSection
	GlobalSection(ProjectConfigurationPlatforms) = postSolution
		{F5F4850A-2E6A-4AC4-8673-9C0877AAD72B}.Debug|Any CPU.ActiveCfg = Debug|Any CPU
		{F5F4850A-2E6A-4AC4-8673-9C0877AAD72B}.Debug|Any CPU.Build.0 = Debug|Any CPU
		{F5F4850A-2E6A-4AC4-8673-9C0877AAD72B}.Release|Any CPU.ActiveCfg = Release|Any CPU
		{F5F4850A-2E6A-4AC4-8673-9C0877AAD72B}.Release|Any CPU.Build.0 = Release|Any CPU
	EndGlobalSection
	GlobalSection(SolutionProperties) = preSolution
		HideSolutionNode = FALSE
	EndGlobalSection
	GlobalSection(ExtensibilityGlobals) = postSolution
		SolutionGuid = {8BE97DE2-BAEC-49E8-A766-1CB0714C93A6}
	EndGlobalSection
EndGlobal
